// !$*UTF8*$!
{
	archiveVersion = 1;
	classes = {
	};
	objectVersion = 55;
	objects = {

/* Begin PBXBuildFile section */
		4B75D3972A08DED6007DCF20 /* MainViewController.swift in Sources */ = {isa = PBXBuildFile; fileRef = 4B75D3962A08DED6007DCF20 /* MainViewController.swift */; };
		4B75D39C2A08E0DC007DCF20 /* SideMenuCell.swift in Sources */ = {isa = PBXBuildFile; fileRef = 4B75D39B2A08E0DC007DCF20 /* SideMenuCell.swift */; };
		4B75D39E2A08E0FB007DCF20 /* SideMenuCell.xib in Resources */ = {isa = PBXBuildFile; fileRef = 4B75D39D2A08E0FB007DCF20 /* SideMenuCell.xib */; };
		4B75D3A02A08E154007DCF20 /* SideMenuModel.swift in Sources */ = {isa = PBXBuildFile; fileRef = 4B75D39F2A08E154007DCF20 /* SideMenuModel.swift */; };
		4B75D3A22A08E16D007DCF20 /* SideMenuViewController.swift in Sources */ = {isa = PBXBuildFile; fileRef = 4B75D3A12A08E16D007DCF20 /* SideMenuViewController.swift */; };
		4BAC618E2A0A31A500A8E37C /* RecentlyDeletedController.swift in Sources */ = {isa = PBXBuildFile; fileRef = 4BAC618D2A0A31A500A8E37C /* RecentlyDeletedController.swift */; };
		4BAC61902A0BB32700A8E37C /* ChatConnectivity.swift in Sources */ = {isa = PBXBuildFile; fileRef = 4BAC618F2A0BB32700A8E37C /* ChatConnectivity.swift */; };
		4BAC61962A0BC60700A8E37C /* ChatMessage.swift in Sources */ = {isa = PBXBuildFile; fileRef = 4BAC61952A0BC60700A8E37C /* ChatMessage.swift */; };
		4BC9C4532A137B2E003FBEB9 /* ChatMessageHelper.swift in Sources */ = {isa = PBXBuildFile; fileRef = 4BC9C4522A137B2E003FBEB9 /* ChatMessageHelper.swift */; };
		4BD580502A03B4570076F86E /* AppDelegate.swift in Sources */ = {isa = PBXBuildFile; fileRef = 4BD5804F2A03B4570076F86E /* AppDelegate.swift */; };
		4BD580522A03B4570076F86E /* SceneDelegate.swift in Sources */ = {isa = PBXBuildFile; fileRef = 4BD580512A03B4570076F86E /* SceneDelegate.swift */; };
		4BD580542A03B4570076F86E /* ChatsViewController.swift in Sources */ = {isa = PBXBuildFile; fileRef = 4BD580532A03B4570076F86E /* ChatsViewController.swift */; };
		4BD580572A03B4570076F86E /* Main.storyboard in Resources */ = {isa = PBXBuildFile; fileRef = 4BD580552A03B4570076F86E /* Main.storyboard */; };
		4BD580592A03B4590076F86E /* Assets.xcassets in Resources */ = {isa = PBXBuildFile; fileRef = 4BD580582A03B4590076F86E /* Assets.xcassets */; };
		4BD580652A03B6E60076F86E /* ChatsPreviewController.swift in Sources */ = {isa = PBXBuildFile; fileRef = 4BD580642A03B6E60076F86E /* ChatsPreviewController.swift */; };
		4BD580672A03B74F0076F86E /* StartScreenViewController.swift in Sources */ = {isa = PBXBuildFile; fileRef = 4BD580662A03B74F0076F86E /* StartScreenViewController.swift */; };
		4BD580702A03B8DC0076F86E /* BluetoothChatModel.xcdatamodeld in Sources */ = {isa = PBXBuildFile; fileRef = 4BD5806E2A03B8DC0076F86E /* BluetoothChatModel.xcdatamodeld */; };
		4BD580742A03C0420076F86E /* Message.swift in Sources */ = {isa = PBXBuildFile; fileRef = 4BD580732A03C0420076F86E /* Message.swift */; };
		4BD5807A2A03C0F00076F86E /* UIViewController+Extension.swift in Sources */ = {isa = PBXBuildFile; fileRef = 4BD580792A03C0F00076F86E /* UIViewController+Extension.swift */; };
		4BD5807C2A03C19A0076F86E /* UIView+Extension.swift in Sources */ = {isa = PBXBuildFile; fileRef = 4BD5807B2A03C19A0076F86E /* UIView+Extension.swift */; };
		4BD5807F2A03C4990076F86E /* ChatPreviewTableViewCell.swift in Sources */ = {isa = PBXBuildFile; fileRef = 4BD5807E2A03C4990076F86E /* ChatPreviewTableViewCell.swift */; };
		4BD580812A03C53B0076F86E /* ChatPreviewTableViewCell.xib in Resources */ = {isa = PBXBuildFile; fileRef = 4BD580802A03C53B0076F86E /* ChatPreviewTableViewCell.xib */; };
		4BD580832A03C5810076F86E /* UserMessageCollectionViewCell.swift in Sources */ = {isa = PBXBuildFile; fileRef = 4BD580822A03C5810076F86E /* UserMessageCollectionViewCell.swift */; };
		4BD580872A03C6550076F86E /* Constants.swift in Sources */ = {isa = PBXBuildFile; fileRef = 4BD580862A03C6550076F86E /* Constants.swift */; };
		4BD580912A05048B0076F86E /* ChildHostingController.swift in Sources */ = {isa = PBXBuildFile; fileRef = 4BD580902A05048B0076F86E /* ChildHostingController.swift */; };
/* End PBXBuildFile section */

/* Begin PBXFileReference section */
		4B75D3962A08DED6007DCF20 /* MainViewController.swift */ = {isa = PBXFileReference; lastKnownFileType = sourcecode.swift; path = MainViewController.swift; sourceTree = "<group>"; };
		4B75D39B2A08E0DC007DCF20 /* SideMenuCell.swift */ = {isa = PBXFileReference; lastKnownFileType = sourcecode.swift; path = SideMenuCell.swift; sourceTree = "<group>"; };
		4B75D39D2A08E0FB007DCF20 /* SideMenuCell.xib */ = {isa = PBXFileReference; lastKnownFileType = file.xib; path = SideMenuCell.xib; sourceTree = "<group>"; };
		4B75D39F2A08E154007DCF20 /* SideMenuModel.swift */ = {isa = PBXFileReference; lastKnownFileType = sourcecode.swift; path = SideMenuModel.swift; sourceTree = "<group>"; };
		4B75D3A12A08E16D007DCF20 /* SideMenuViewController.swift */ = {isa = PBXFileReference; lastKnownFileType = sourcecode.swift; path = SideMenuViewController.swift; sourceTree = "<group>"; };
		4BAC618D2A0A31A500A8E37C /* RecentlyDeletedController.swift */ = {isa = PBXFileReference; lastKnownFileType = sourcecode.swift; path = RecentlyDeletedController.swift; sourceTree = "<group>"; };
		4BAC618F2A0BB32700A8E37C /* ChatConnectivity.swift */ = {isa = PBXFileReference; lastKnownFileType = sourcecode.swift; path = ChatConnectivity.swift; sourceTree = "<group>"; };
		4BAC61952A0BC60700A8E37C /* ChatMessage.swift */ = {isa = PBXFileReference; lastKnownFileType = sourcecode.swift; path = ChatMessage.swift; sourceTree = "<group>"; };
		4BC9C4522A137B2E003FBEB9 /* ChatMessageHelper.swift */ = {isa = PBXFileReference; lastKnownFileType = sourcecode.swift; path = ChatMessageHelper.swift; sourceTree = "<group>"; };
		4BD5804C2A03B4570076F86E /* BluetoothOfflineChat.app */ = {isa = PBXFileReference; explicitFileType = wrapper.application; includeInIndex = 0; path = BluetoothOfflineChat.app; sourceTree = BUILT_PRODUCTS_DIR; };
		4BD5804F2A03B4570076F86E /* AppDelegate.swift */ = {isa = PBXFileReference; lastKnownFileType = sourcecode.swift; path = AppDelegate.swift; sourceTree = "<group>"; };
		4BD580512A03B4570076F86E /* SceneDelegate.swift */ = {isa = PBXFileReference; lastKnownFileType = sourcecode.swift; path = SceneDelegate.swift; sourceTree = "<group>"; };
		4BD580532A03B4570076F86E /* ChatsViewController.swift */ = {isa = PBXFileReference; lastKnownFileType = sourcecode.swift; path = ChatsViewController.swift; sourceTree = "<group>"; };
		4BD580562A03B4570076F86E /* Base */ = {isa = PBXFileReference; lastKnownFileType = file.storyboard; name = Base; path = Base.lproj/Main.storyboard; sourceTree = "<group>"; };
		4BD580582A03B4590076F86E /* Assets.xcassets */ = {isa = PBXFileReference; lastKnownFileType = folder.assetcatalog; path = Assets.xcassets; sourceTree = "<group>"; };
		4BD5805D2A03B4590076F86E /* Info.plist */ = {isa = PBXFileReference; lastKnownFileType = text.plist.xml; path = Info.plist; sourceTree = "<group>"; };
		4BD580642A03B6E60076F86E /* ChatsPreviewController.swift */ = {isa = PBXFileReference; lastKnownFileType = sourcecode.swift; path = ChatsPreviewController.swift; sourceTree = "<group>"; };
		4BD580662A03B74F0076F86E /* StartScreenViewController.swift */ = {isa = PBXFileReference; lastKnownFileType = sourcecode.swift; path = StartScreenViewController.swift; sourceTree = "<group>"; };
		4BD5806F2A03B8DC0076F86E /* BluetoothChatModel.xcdatamodel */ = {isa = PBXFileReference; lastKnownFileType = wrapper.xcdatamodel; path = BluetoothChatModel.xcdatamodel; sourceTree = "<group>"; };
		4BD580732A03C0420076F86E /* Message.swift */ = {isa = PBXFileReference; lastKnownFileType = sourcecode.swift; path = Message.swift; sourceTree = "<group>"; };
		4BD580792A03C0F00076F86E /* UIViewController+Extension.swift */ = {isa = PBXFileReference; lastKnownFileType = sourcecode.swift; path = "UIViewController+Extension.swift"; sourceTree = "<group>"; };
		4BD5807B2A03C19A0076F86E /* UIView+Extension.swift */ = {isa = PBXFileReference; lastKnownFileType = sourcecode.swift; path = "UIView+Extension.swift"; sourceTree = "<group>"; };
		4BD5807E2A03C4990076F86E /* ChatPreviewTableViewCell.swift */ = {isa = PBXFileReference; lastKnownFileType = sourcecode.swift; path = ChatPreviewTableViewCell.swift; sourceTree = "<group>"; };
		4BD580802A03C53B0076F86E /* ChatPreviewTableViewCell.xib */ = {isa = PBXFileReference; lastKnownFileType = file.xib; path = ChatPreviewTableViewCell.xib; sourceTree = "<group>"; };
		4BD580822A03C5810076F86E /* UserMessageCollectionViewCell.swift */ = {isa = PBXFileReference; lastKnownFileType = sourcecode.swift; path = UserMessageCollectionViewCell.swift; sourceTree = "<group>"; };
		4BD580862A03C6550076F86E /* Constants.swift */ = {isa = PBXFileReference; lastKnownFileType = sourcecode.swift; path = Constants.swift; sourceTree = "<group>"; };
		4BD580902A05048B0076F86E /* ChildHostingController.swift */ = {isa = PBXFileReference; lastKnownFileType = sourcecode.swift; path = ChildHostingController.swift; sourceTree = "<group>"; };
/* End PBXFileReference section */

/* Begin PBXFrameworksBuildPhase section */
		4BD580492A03B4570076F86E /* Frameworks */ = {
			isa = PBXFrameworksBuildPhase;
			buildActionMask = 2147483647;
			files = (
			);
			runOnlyForDeploymentPostprocessing = 0;
		};
/* End PBXFrameworksBuildPhase section */

/* Begin PBXGroup section */
		4B75D39A2A08E0C6007DCF20 /* Cell */ = {
			isa = PBXGroup;
			children = (
				4B75D39B2A08E0DC007DCF20 /* SideMenuCell.swift */,
				4B75D39D2A08E0FB007DCF20 /* SideMenuCell.xib */,
			);
			path = Cell;
			sourceTree = "<group>";
		};
		4BD580432A03B4570076F86E = {
			isa = PBXGroup;
			children = (
				4BD5804E2A03B4570076F86E /* BluetoothOfflineChat */,
				4BD5804D2A03B4570076F86E /* Products */,
			);
			sourceTree = "<group>";
		};
		4BD5804D2A03B4570076F86E /* Products */ = {
			isa = PBXGroup;
			children = (
				4BD5804C2A03B4570076F86E /* BluetoothOfflineChat.app */,
			);
			name = Products;
			sourceTree = "<group>";
		};
		4BD5804E2A03B4570076F86E /* BluetoothOfflineChat */ = {
			isa = PBXGroup;
			children = (
				4BD580892A0500940076F86E /* SideMenu */,
				4BD580882A03DC1F0076F86E /* Helpers */,
				4BD5807D2A03C4830076F86E /* Views */,
				4BD5806D2A03B8A30076F86E /* ChatModels */,
				4BD580632A03B6130076F86E /* Controllers */,
				4BD580682A03B7DA0076F86E /* Extensions */,
				4BD5804F2A03B4570076F86E /* AppDelegate.swift */,
				4BD580512A03B4570076F86E /* SceneDelegate.swift */,
				4BD580582A03B4590076F86E /* Assets.xcassets */,
				4BD5805D2A03B4590076F86E /* Info.plist */,
			);
			path = BluetoothOfflineChat;
			sourceTree = "<group>";
		};
		4BD580632A03B6130076F86E /* Controllers */ = {
			isa = PBXGroup;
			children = (
				4BD580532A03B4570076F86E /* ChatsViewController.swift */,
				4BD580642A03B6E60076F86E /* ChatsPreviewController.swift */,
				4BAC618D2A0A31A500A8E37C /* RecentlyDeletedController.swift */,
				4BD580662A03B74F0076F86E /* StartScreenViewController.swift */,
				4BD580902A05048B0076F86E /* ChildHostingController.swift */,
				4B75D3962A08DED6007DCF20 /* MainViewController.swift */,
			);
			path = Controllers;
			sourceTree = "<group>";
		};
		4BD580682A03B7DA0076F86E /* Extensions */ = {
			isa = PBXGroup;
			children = (
				4BD580792A03C0F00076F86E /* UIViewController+Extension.swift */,
				4BD5807B2A03C19A0076F86E /* UIView+Extension.swift */,
			);
			path = Extensions;
			sourceTree = "<group>";
		};
		4BD5806D2A03B8A30076F86E /* ChatModels */ = {
			isa = PBXGroup;
			children = (
				4BD5806E2A03B8DC0076F86E /* BluetoothChatModel.xcdatamodeld */,
				4BD580732A03C0420076F86E /* Message.swift */,
				4BAC61952A0BC60700A8E37C /* ChatMessage.swift */,
				4BC9C4522A137B2E003FBEB9 /* ChatMessageHelper.swift */,
			);
			path = ChatModels;
			sourceTree = "<group>";
		};
		4BD5807D2A03C4830076F86E /* Views */ = {
			isa = PBXGroup;
			children = (
				4BD580552A03B4570076F86E /* Main.storyboard */,
				4BD5807E2A03C4990076F86E /* ChatPreviewTableViewCell.swift */,
				4BD580802A03C53B0076F86E /* ChatPreviewTableViewCell.xib */,
				4BD580822A03C5810076F86E /* UserMessageCollectionViewCell.swift */,
			);
			path = Views;
			sourceTree = "<group>";
		};
		4BD580882A03DC1F0076F86E /* Helpers */ = {
			isa = PBXGroup;
			children = (
				4BD580862A03C6550076F86E /* Constants.swift */,
				4BAC618F2A0BB32700A8E37C /* ChatConnectivity.swift */,
			);
			path = Helpers;
			sourceTree = "<group>";
		};
		4BD580892A0500940076F86E /* SideMenu */ = {
			isa = PBXGroup;
			children = (
				4B75D39A2A08E0C6007DCF20 /* Cell */,
				4B75D39F2A08E154007DCF20 /* SideMenuModel.swift */,
				4B75D3A12A08E16D007DCF20 /* SideMenuViewController.swift */,
			);
			path = SideMenu;
			sourceTree = "<group>";
		};
/* End PBXGroup section */

/* Begin PBXNativeTarget section */
		4BD5804B2A03B4570076F86E /* BluetoothOfflineChat */ = {
			isa = PBXNativeTarget;
			buildConfigurationList = 4BD580602A03B4590076F86E /* Build configuration list for PBXNativeTarget "BluetoothOfflineChat" */;
			buildPhases = (
				4BD580482A03B4570076F86E /* Sources */,
				4BD580492A03B4570076F86E /* Frameworks */,
				4BD5804A2A03B4570076F86E /* Resources */,
			);
			buildRules = (
			);
			dependencies = (
			);
			name = BluetoothOfflineChat;
			productName = BluetoothOfflineChat;
			productReference = 4BD5804C2A03B4570076F86E /* BluetoothOfflineChat.app */;
			productType = "com.apple.product-type.application";
		};
/* End PBXNativeTarget section */

/* Begin PBXProject section */
		4BD580442A03B4570076F86E /* Project object */ = {
			isa = PBXProject;
			attributes = {
				BuildIndependentTargetsInParallel = 1;
				LastSwiftUpdateCheck = 1330;
				LastUpgradeCheck = 1330;
				TargetAttributes = {
					4BD5804B2A03B4570076F86E = {
						CreatedOnToolsVersion = 13.3.1;
					};
				};
			};
			buildConfigurationList = 4BD580472A03B4570076F86E /* Build configuration list for PBXProject "BluetoothOfflineChat" */;
			compatibilityVersion = "Xcode 13.0";
			developmentRegion = en;
			hasScannedForEncodings = 0;
			knownRegions = (
				en,
				Base,
			);
			mainGroup = 4BD580432A03B4570076F86E;
			productRefGroup = 4BD5804D2A03B4570076F86E /* Products */;
			projectDirPath = "";
			projectRoot = "";
			targets = (
				4BD5804B2A03B4570076F86E /* BluetoothOfflineChat */,
			);
		};
/* End PBXProject section */

/* Begin PBXResourcesBuildPhase section */
		4BD5804A2A03B4570076F86E /* Resources */ = {
			isa = PBXResourcesBuildPhase;
			buildActionMask = 2147483647;
			files = (
				4BD580592A03B4590076F86E /* Assets.xcassets in Resources */,
				4BD580812A03C53B0076F86E /* ChatPreviewTableViewCell.xib in Resources */,
				4BD580572A03B4570076F86E /* Main.storyboard in Resources */,
				4B75D39E2A08E0FB007DCF20 /* SideMenuCell.xib in Resources */,
			);
			runOnlyForDeploymentPostprocessing = 0;
		};
/* End PBXResourcesBuildPhase section */

/* Begin PBXSourcesBuildPhase section */
		4BD580482A03B4570076F86E /* Sources */ = {
			isa = PBXSourcesBuildPhase;
			buildActionMask = 2147483647;
			files = (
				4BD5807A2A03C0F00076F86E /* UIViewController+Extension.swift in Sources */,
				4BD580832A03C5810076F86E /* UserMessageCollectionViewCell.swift in Sources */,
				4B75D3A22A08E16D007DCF20 /* SideMenuViewController.swift in Sources */,
				4B75D3972A08DED6007DCF20 /* MainViewController.swift in Sources */,
				4B75D3A02A08E154007DCF20 /* SideMenuModel.swift in Sources */,
				4BD580872A03C6550076F86E /* Constants.swift in Sources */,
				4BD580652A03B6E60076F86E /* ChatsPreviewController.swift in Sources */,
				4BAC61902A0BB32700A8E37C /* ChatConnectivity.swift in Sources */,
				4BD580542A03B4570076F86E /* ChatsViewController.swift in Sources */,
				4BC9C4532A137B2E003FBEB9 /* ChatMessageHelper.swift in Sources */,
				4BD580912A05048B0076F86E /* ChildHostingController.swift in Sources */,
				4B75D39C2A08E0DC007DCF20 /* SideMenuCell.swift in Sources */,
				4BD580502A03B4570076F86E /* AppDelegate.swift in Sources */,
				4BD5807C2A03C19A0076F86E /* UIView+Extension.swift in Sources */,
				4BAC61962A0BC60700A8E37C /* ChatMessage.swift in Sources */,
				4BD580522A03B4570076F86E /* SceneDelegate.swift in Sources */,
				4BD580742A03C0420076F86E /* Message.swift in Sources */,
				4BD580702A03B8DC0076F86E /* BluetoothChatModel.xcdatamodeld in Sources */,
				4BAC618E2A0A31A500A8E37C /* RecentlyDeletedController.swift in Sources */,
				4BD5807F2A03C4990076F86E /* ChatPreviewTableViewCell.swift in Sources */,
				4BD580672A03B74F0076F86E /* StartScreenViewController.swift in Sources */,
			);
			runOnlyForDeploymentPostprocessing = 0;
		};
/* End PBXSourcesBuildPhase section */

/* Begin PBXVariantGroup section */
		4BD580552A03B4570076F86E /* Main.storyboard */ = {
			isa = PBXVariantGroup;
			children = (
				4BD580562A03B4570076F86E /* Base */,
			);
			name = Main.storyboard;
			sourceTree = "<group>";
		};
/* End PBXVariantGroup section */

/* Begin XCBuildConfiguration section */
		4BD5805E2A03B4590076F86E /* Debug */ = {
			isa = XCBuildConfiguration;
			buildSettings = {
				ALWAYS_SEARCH_USER_PATHS = NO;
				CLANG_ANALYZER_NONNULL = YES;
				CLANG_ANALYZER_NUMBER_OBJECT_CONVERSION = YES_AGGRESSIVE;
				CLANG_CXX_LANGUAGE_STANDARD = "gnu++17";
				CLANG_ENABLE_MODULES = YES;
				CLANG_ENABLE_OBJC_ARC = YES;
				CLANG_ENABLE_OBJC_WEAK = YES;
				CLANG_WARN_BLOCK_CAPTURE_AUTORELEASING = YES;
				CLANG_WARN_BOOL_CONVERSION = YES;
				CLANG_WARN_COMMA = YES;
				CLANG_WARN_CONSTANT_CONVERSION = YES;
				CLANG_WARN_DEPRECATED_OBJC_IMPLEMENTATIONS = YES;
				CLANG_WARN_DIRECT_OBJC_ISA_USAGE = YES_ERROR;
				CLANG_WARN_DOCUMENTATION_COMMENTS = YES;
				CLANG_WARN_EMPTY_BODY = YES;
				CLANG_WARN_ENUM_CONVERSION = YES;
				CLANG_WARN_INFINITE_RECURSION = YES;
				CLANG_WARN_INT_CONVERSION = YES;
				CLANG_WARN_NON_LITERAL_NULL_CONVERSION = YES;
				CLANG_WARN_OBJC_IMPLICIT_RETAIN_SELF = YES;
				CLANG_WARN_OBJC_LITERAL_CONVERSION = YES;
				CLANG_WARN_OBJC_ROOT_CLASS = YES_ERROR;
				CLANG_WARN_QUOTED_INCLUDE_IN_FRAMEWORK_HEADER = YES;
				CLANG_WARN_RANGE_LOOP_ANALYSIS = YES;
				CLANG_WARN_STRICT_PROTOTYPES = YES;
				CLANG_WARN_SUSPICIOUS_MOVE = YES;
				CLANG_WARN_UNGUARDED_AVAILABILITY = YES_AGGRESSIVE;
				CLANG_WARN_UNREACHABLE_CODE = YES;
				CLANG_WARN__DUPLICATE_METHOD_MATCH = YES;
				COPY_PHASE_STRIP = NO;
				DEBUG_INFORMATION_FORMAT = dwarf;
				ENABLE_STRICT_OBJC_MSGSEND = YES;
				ENABLE_TESTABILITY = YES;
				GCC_C_LANGUAGE_STANDARD = gnu11;
				GCC_DYNAMIC_NO_PIC = NO;
				GCC_NO_COMMON_BLOCKS = YES;
				GCC_OPTIMIZATION_LEVEL = 0;
				GCC_PREPROCESSOR_DEFINITIONS = (
					"DEBUG=1",
					"$(inherited)",
				);
				GCC_WARN_64_TO_32_BIT_CONVERSION = YES;
				GCC_WARN_ABOUT_RETURN_TYPE = YES_ERROR;
				GCC_WARN_UNDECLARED_SELECTOR = YES;
				GCC_WARN_UNINITIALIZED_AUTOS = YES_AGGRESSIVE;
				GCC_WARN_UNUSED_FUNCTION = YES;
				GCC_WARN_UNUSED_VARIABLE = YES;
				IPHONEOS_DEPLOYMENT_TARGET = 14.0;
				MTL_ENABLE_DEBUG_INFO = INCLUDE_SOURCE;
				MTL_FAST_MATH = YES;
				ONLY_ACTIVE_ARCH = YES;
				SDKROOT = iphoneos;
				SWIFT_ACTIVE_COMPILATION_CONDITIONS = DEBUG;
				SWIFT_OPTIMIZATION_LEVEL = "-Onone";
			};
			name = Debug;
		};
		4BD5805F2A03B4590076F86E /* Release */ = {
			isa = XCBuildConfiguration;
			buildSettings = {
				ALWAYS_SEARCH_USER_PATHS = NO;
				CLANG_ANALYZER_NONNULL = YES;
				CLANG_ANALYZER_NUMBER_OBJECT_CONVERSION = YES_AGGRESSIVE;
				CLANG_CXX_LANGUAGE_STANDARD = "gnu++17";
				CLANG_ENABLE_MODULES = YES;
				CLANG_ENABLE_OBJC_ARC = YES;
				CLANG_ENABLE_OBJC_WEAK = YES;
				CLANG_WARN_BLOCK_CAPTURE_AUTORELEASING = YES;
				CLANG_WARN_BOOL_CONVERSION = YES;
				CLANG_WARN_COMMA = YES;
				CLANG_WARN_CONSTANT_CONVERSION = YES;
				CLANG_WARN_DEPRECATED_OBJC_IMPLEMENTATIONS = YES;
				CLANG_WARN_DIRECT_OBJC_ISA_USAGE = YES_ERROR;
				CLANG_WARN_DOCUMENTATION_COMMENTS = YES;
				CLANG_WARN_EMPTY_BODY = YES;
				CLANG_WARN_ENUM_CONVERSION = YES;
				CLANG_WARN_INFINITE_RECURSION = YES;
				CLANG_WARN_INT_CONVERSION = YES;
				CLANG_WARN_NON_LITERAL_NULL_CONVERSION = YES;
				CLANG_WARN_OBJC_IMPLICIT_RETAIN_SELF = YES;
				CLANG_WARN_OBJC_LITERAL_CONVERSION = YES;
				CLANG_WARN_OBJC_ROOT_CLASS = YES_ERROR;
				CLANG_WARN_QUOTED_INCLUDE_IN_FRAMEWORK_HEADER = YES;
				CLANG_WARN_RANGE_LOOP_ANALYSIS = YES;
				CLANG_WARN_STRICT_PROTOTYPES = YES;
				CLANG_WARN_SUSPICIOUS_MOVE = YES;
				CLANG_WARN_UNGUARDED_AVAILABILITY = YES_AGGRESSIVE;
				CLANG_WARN_UNREACHABLE_CODE = YES;
				CLANG_WARN__DUPLICATE_METHOD_MATCH = YES;
				COPY_PHASE_STRIP = NO;
				DEBUG_INFORMATION_FORMAT = "dwarf-with-dsym";
				ENABLE_NS_ASSERTIONS = NO;
				ENABLE_STRICT_OBJC_MSGSEND = YES;
				GCC_C_LANGUAGE_STANDARD = gnu11;
				GCC_NO_COMMON_BLOCKS = YES;
				GCC_WARN_64_TO_32_BIT_CONVERSION = YES;
				GCC_WARN_ABOUT_RETURN_TYPE = YES_ERROR;
				GCC_WARN_UNDECLARED_SELECTOR = YES;
				GCC_WARN_UNINITIALIZED_AUTOS = YES_AGGRESSIVE;
				GCC_WARN_UNUSED_FUNCTION = YES;
				GCC_WARN_UNUSED_VARIABLE = YES;
				IPHONEOS_DEPLOYMENT_TARGET = 14.0;
				MTL_ENABLE_DEBUG_INFO = NO;
				MTL_FAST_MATH = YES;
				SDKROOT = iphoneos;
				SWIFT_COMPILATION_MODE = wholemodule;
				SWIFT_OPTIMIZATION_LEVEL = "-O";
				VALIDATE_PRODUCT = YES;
			};
			name = Release;
		};
		4BD580612A03B4590076F86E /* Debug */ = {
			isa = XCBuildConfiguration;
			buildSettings = {
				ASSETCATALOG_COMPILER_APPICON_NAME = AppIcon;
				ASSETCATALOG_COMPILER_GLOBAL_ACCENT_COLOR_NAME = AccentColor;
				CODE_SIGN_STYLE = Automatic;
				CURRENT_PROJECT_VERSION = 1;
				GENERATE_INFOPLIST_FILE = YES;
				INFOPLIST_FILE = BluetoothOfflineChat/Info.plist;
				INFOPLIST_KEY_UIApplicationSupportsIndirectInputEvents = YES;
				INFOPLIST_KEY_UILaunchStoryboardName = LaunchScreen;
				INFOPLIST_KEY_UIMainStoryboardFile = Main;
				INFOPLIST_KEY_UISupportedInterfaceOrientations_iPad = "UIInterfaceOrientationPortrait UIInterfaceOrientationPortraitUpsideDown UIInterfaceOrientationLandscapeLeft UIInterfaceOrientationLandscapeRight";
				INFOPLIST_KEY_UISupportedInterfaceOrientations_iPhone = "UIInterfaceOrientationPortrait UIInterfaceOrientationLandscapeLeft UIInterfaceOrientationLandscapeRight";
				LD_RUNPATH_SEARCH_PATHS = (
					"$(inherited)",
					"@executable_path/Frameworks",
				);
				MARKETING_VERSION = 1.0;
				PRODUCT_BUNDLE_IDENTIFIER = com.jivnov.BluetoothOfflineChat;
				PRODUCT_NAME = "$(TARGET_NAME)";
				SWIFT_EMIT_LOC_STRINGS = YES;
				SWIFT_VERSION = 5.0;
				TARGETED_DEVICE_FAMILY = "1,2";
			};
			name = Debug;
		};
		4BD580622A03B4590076F86E /* Release */ = {
			isa = XCBuildConfiguration;
			buildSettings = {
				ASSETCATALOG_COMPILER_APPICON_NAME = AppIcon;
				ASSETCATALOG_COMPILER_GLOBAL_ACCENT_COLOR_NAME = AccentColor;
				CODE_SIGN_STYLE = Automatic;
				CURRENT_PROJECT_VERSION = 1;
				GENERATE_INFOPLIST_FILE = YES;
				INFOPLIST_FILE = BluetoothOfflineChat/Info.plist;
				INFOPLIST_KEY_UIApplicationSupportsIndirectInputEvents = YES;
				INFOPLIST_KEY_UILaunchStoryboardName = LaunchScreen;
				INFOPLIST_KEY_UIMainStoryboardFile = Main;
				INFOPLIST_KEY_UISupportedInterfaceOrientations_iPad = "UIInterfaceOrientationPortrait UIInterfaceOrientationPortraitUpsideDown UIInterfaceOrientationLandscapeLeft UIInterfaceOrientationLandscapeRight";
				INFOPLIST_KEY_UISupportedInterfaceOrientations_iPhone = "UIInterfaceOrientationPortrait UIInterfaceOrientationLandscapeLeft UIInterfaceOrientationLandscapeRight";
				LD_RUNPATH_SEARCH_PATHS = (
					"$(inherited)",
					"@executable_path/Frameworks",
				);
				MARKETING_VERSION = 1.0;
				PRODUCT_BUNDLE_IDENTIFIER = com.jivnov.BluetoothOfflineChat;
				PRODUCT_NAME = "$(TARGET_NAME)";
				SWIFT_EMIT_LOC_STRINGS = YES;
				SWIFT_VERSION = 5.0;
				TARGETED_DEVICE_FAMILY = "1,2";
			};
			name = Release;
		};
/* End XCBuildConfiguration section */

/* Begin XCConfigurationList section */
		4BD580472A03B4570076F86E /* Build configuration list for PBXProject "BluetoothOfflineChat" */ = {
			isa = XCConfigurationList;
			buildConfigurations = (
				4BD5805E2A03B4590076F86E /* Debug */,
				4BD5805F2A03B4590076F86E /* Release */,
			);
			defaultConfigurationIsVisible = 0;
			defaultConfigurationName = Release;
		};
		4BD580602A03B4590076F86E /* Build configuration list for PBXNativeTarget "BluetoothOfflineChat" */ = {
			isa = XCConfigurationList;
			buildConfigurations = (
				4BD580612A03B4590076F86E /* Debug */,
				4BD580622A03B4590076F86E /* Release */,
			);
			defaultConfigurationIsVisible = 0;
			defaultConfigurationName = Release;
		};
/* End XCConfigurationList section */

/* Begin XCVersionGroup section */
		4BD5806E2A03B8DC0076F86E /* BluetoothChatModel.xcdatamodeld */ = {
			isa = XCVersionGroup;
			children = (
				4BD5806F2A03B8DC0076F86E /* BluetoothChatModel.xcdatamodel */,
			);
			currentVersion = 4BD5806F2A03B8DC0076F86E /* BluetoothChatModel.xcdatamodel */;
			path = BluetoothChatModel.xcdatamodeld;
			sourceTree = "<group>";
			versionGroupType = wrapper.xcdatamodel;
		};
/* End XCVersionGroup section */
	};
	rootObject = 4BD580442A03B4570076F86E /* Project object */;
}
